
Microsoft Visual Studio Solution File, Format Version 12.00
# Visual Studio Version 16
VisualStudioVersion = 25.0.1706.3
MinimumVisualStudioVersion = 10.0.40219.1
Project("{FAE04EC0-301F-11D3-BF4B-00C04F79EFBC}") = "ex07", "ex07\ex07.csproj", "{181D47F8-4C13-4997-9C86-C4EF00275C04}"
EndProject
Global
	GlobalSection(SolutionConfigurationPlatforms) = preSolution
		Debug|Any CPU = Debug|Any CPU
		Release|Any CPU = Release|Any CPU
	EndGlobalSection
	GlobalSection(ProjectConfigurationPlatforms) = postSolution
		{181D47F8-4C13-4997-9C86-C4EF00275C04}.Debug|Any CPU.ActiveCfg = Debug|Any CPU
		{181D47F8-4C13-4997-9C86-C4EF00275C04}.Debug|Any CPU.Build.0 = Debug|Any CPU
		{181D47F8-4C13-4997-9C86-C4EF00275C04}.Release|Any CPU.ActiveCfg = Release|Any CPU
		{181D47F8-4C13-4997-9C86-C4EF00275C04}.Release|Any CPU.Build.0 = Release|Any CPU
	EndGlobalSection
	GlobalSection(SolutionProperties) = preSolution
		HideSolutionNode = FALSE
	EndGlobalSection
	GlobalSection(ExtensibilityGlobals) = postSolution
		SolutionGuid = {6BD9CA51-626A-4155-BDAE-F978ACB8EE95}
	EndGlobalSection
EndGlobal
